{
  "version": 4,
  "terraform_version": "1.10.3",
  "serial": 461,
  "lineage": "06ebf9f3-b39a-eb09-3d16-afacd3a2ce13",
  "outputs": {
    "api_url": {
      "value": "ikd7m3mu2e.eu-central-1.awsapprunner.com",
      "type": "string"
    }
  },
  "resources": [
    {
      "mode": "data",
      "type": "template_file",
      "name": "webapp_index",
      "provider": "provider[\"registry.terraform.io/hashicorp/template\"]",
      "instances": [
        {
          "schema_version": 0,
          "attributes": {
            "filename": null,
            "id": "d5085501faf2a69465c61ac49ac13219a5b79e6fe747b8c3c3d12d052b41d347",
            "rendered": "\u003c!DOCTYPE html\u003e\r\n\u003chtml lang=\"en\"\u003e\r\n\u003chead\u003e\r\n    \u003cmeta charset=\"UTF-8\"\u003e\r\n    \u003cmeta name=\"viewport\" content=\"width=device-width, initial-scale=1.0\"\u003e\r\n    \u003ctitle\u003eHello Cloud\u003c/title\u003e\r\n\u003c/head\u003e\r\n\u003cbody\u003e\r\n    \u003ch1\u003eHello Cloud\u003c/h1\u003e\r\n    \u003cbutton id=\"callApiButton\"\u003eCall API\u003c/button\u003e\r\n    \u003cp id=\"apiResponse\"\u003e\u003c/p\u003e\r\n\r\n    \u003cscript\u003e\r\n        const apiUrl = \"https://ikd7m3mu2e.eu-central-1.awsapprunner.com\";  // This gets replaced by Terraform\r\n\r\n        document.getElementById('callApiButton').addEventListener('click', () =\u003e {\r\n            fetch(apiUrl)\r\n                .then(response =\u003e response.json())\r\n                .then(data =\u003e {\r\n                    document.getElementById('apiResponse').textContent = JSON.stringify(data, null, 2);\r\n                })\r\n                .catch(error =\u003e {\r\n                    document.getElementById('apiResponse').textContent = 'Error calling the API: ' + error;\r\n                });\r\n        });\r\n    \u003c/script\u003e\r\n\u003c/body\u003e\r\n\u003c/html\u003e\r\n",
            "template": "\u003c!DOCTYPE html\u003e\r\n\u003chtml lang=\"en\"\u003e\r\n\u003chead\u003e\r\n    \u003cmeta charset=\"UTF-8\"\u003e\r\n    \u003cmeta name=\"viewport\" content=\"width=device-width, initial-scale=1.0\"\u003e\r\n    \u003ctitle\u003eHello Cloud\u003c/title\u003e\r\n\u003c/head\u003e\r\n\u003cbody\u003e\r\n    \u003ch1\u003eHello Cloud\u003c/h1\u003e\r\n    \u003cbutton id=\"callApiButton\"\u003eCall API\u003c/button\u003e\r\n    \u003cp id=\"apiResponse\"\u003e\u003c/p\u003e\r\n\r\n    \u003cscript\u003e\r\n        const apiUrl = \"${api_url}\";  // This gets replaced by Terraform\r\n\r\n        document.getElementById('callApiButton').addEventListener('click', () =\u003e {\r\n            fetch(apiUrl)\r\n                .then(response =\u003e response.json())\r\n                .then(data =\u003e {\r\n                    document.getElementById('apiResponse').textContent = JSON.stringify(data, null, 2);\r\n                })\r\n                .catch(error =\u003e {\r\n                    document.getElementById('apiResponse').textContent = 'Error calling the API: ' + error;\r\n                });\r\n        });\r\n    \u003c/script\u003e\r\n\u003c/body\u003e\r\n\u003c/html\u003e\r\n",
            "vars": {
              "api_url": "https://ikd7m3mu2e.eu-central-1.awsapprunner.com"
            }
          },
          "sensitive_attributes": []
        }
      ]
    },
    {
      "mode": "managed",
      "type": "aws_apprunner_service",
      "name": "api_service",
      "provider": "provider[\"registry.terraform.io/hashicorp/aws\"]",
      "instances": [
        {
          "schema_version": 0,
          "attributes": {
            "arn": "arn:aws:apprunner:eu-central-1:626635445847:service/my-api-service/4b8c4eba6a1d403ea231937fab6d4cc7",
            "auto_scaling_configuration_arn": "arn:aws:apprunner:eu-central-1:626635445847:autoscalingconfiguration/DefaultConfiguration/1/00000000000000000000000000000001",
            "encryption_configuration": [],
            "health_check_configuration": [
              {
                "healthy_threshold": 1,
                "interval": 5,
                "path": "/",
                "protocol": "TCP",
                "timeout": 2,
                "unhealthy_threshold": 5
              }
            ],
            "id": "arn:aws:apprunner:eu-central-1:626635445847:service/my-api-service/4b8c4eba6a1d403ea231937fab6d4cc7",
            "instance_configuration": [
              {
                "cpu": "1024",
                "instance_role_arn": "",
                "memory": "2048"
              }
            ],
            "network_configuration": [
              {
                "egress_configuration": [
                  {
                    "egress_type": "DEFAULT",
                    "vpc_connector_arn": ""
                  }
                ],
                "ingress_configuration": [
                  {
                    "is_publicly_accessible": true
                  }
                ],
                "ip_address_type": "IPV4"
              }
            ],
            "observability_configuration": [],
            "service_id": "4b8c4eba6a1d403ea231937fab6d4cc7",
            "service_name": "my-api-service",
            "service_url": "ikd7m3mu2e.eu-central-1.awsapprunner.com",
            "source_configuration": [
              {
                "authentication_configuration": [
                  {
                    "access_role_arn": "arn:aws:iam::626635445847:role/app-runner-ecr-access-role",
                    "connection_arn": ""
                  }
                ],
                "auto_deployments_enabled": true,
                "code_repository": [],
                "image_repository": [
                  {
                    "image_configuration": [
                      {
                        "port": "8080",
                        "runtime_environment_secrets": null,
                        "runtime_environment_variables": null,
                        "start_command": ""
                      }
                    ],
                    "image_identifier": "626635445847.dkr.ecr.eu-central-1.amazonaws.com/my-api-repo:latest",
                    "image_repository_type": "ECR"
                  }
                ]
              }
            ],
            "status": "RUNNING",
            "tags": null,
            "tags_all": {}
          },
          "sensitive_attributes": [],
          "private": "bnVsbA==",
          "dependencies": [
            "aws_ecr_repository.api_repo",
            "aws_iam_role.app_runner_ecr_role",
            "null_resource.docker_build_push"
          ]
        }
      ]
    },
    {
      "mode": "managed",
      "type": "aws_ecr_repository",
      "name": "api_repo",
      "provider": "provider[\"registry.terraform.io/hashicorp/aws\"]",
      "instances": [
        {
          "schema_version": 0,
          "attributes": {
            "arn": "arn:aws:ecr:eu-central-1:626635445847:repository/my-api-repo",
            "encryption_configuration": [
              {
                "encryption_type": "AES256",
                "kms_key": ""
              }
            ],
            "force_delete": null,
            "id": "my-api-repo",
            "image_scanning_configuration": [
              {
                "scan_on_push": false
              }
            ],
            "image_tag_mutability": "MUTABLE",
            "name": "my-api-repo",
            "registry_id": "626635445847",
            "repository_url": "626635445847.dkr.ecr.eu-central-1.amazonaws.com/my-api-repo",
            "tags": null,
            "tags_all": {},
            "timeouts": null
          },
          "sensitive_attributes": [],
          "private": "eyJlMmJmYjczMC1lY2FhLTExZTYtOGY4OC0zNDM2M2JjN2M0YzAiOnsiZGVsZXRlIjoxMjAwMDAwMDAwMDAwfX0="
        }
      ]
    },
    {
      "mode": "managed",
      "type": "aws_iam_role",
      "name": "app_runner_ecr_role",
      "provider": "provider[\"registry.terraform.io/hashicorp/aws\"]",
      "instances": [
        {
          "schema_version": 0,
          "attributes": {
            "arn": "arn:aws:iam::626635445847:role/app-runner-ecr-access-role",
            "assume_role_policy": "{\"Statement\":[{\"Action\":\"sts:AssumeRole\",\"Effect\":\"Allow\",\"Principal\":{\"Service\":\"build.apprunner.amazonaws.com\"}}],\"Version\":\"2012-10-17\"}",
            "create_date": "2025-01-11T11:04:41Z",
            "description": "",
            "force_detach_policies": false,
            "id": "app-runner-ecr-access-role",
            "inline_policy": [],
            "managed_policy_arns": [],
            "max_session_duration": 3600,
            "name": "app-runner-ecr-access-role",
            "name_prefix": "",
            "path": "/",
            "permissions_boundary": "",
            "tags": null,
            "tags_all": {},
            "unique_id": "AROAZDZTCCZLWJTX2424W"
          },
          "sensitive_attributes": [],
          "private": "bnVsbA=="
        }
      ]
    },
    {
      "mode": "managed",
      "type": "aws_iam_role_policy_attachment",
      "name": "app_runner_ecr_policy",
      "provider": "provider[\"registry.terraform.io/hashicorp/aws\"]",
      "instances": [
        {
          "schema_version": 0,
          "attributes": {
            "id": "app-runner-ecr-access-role-20250111110443703800000001",
            "policy_arn": "arn:aws:iam::aws:policy/AmazonEC2ContainerRegistryReadOnly",
            "role": "app-runner-ecr-access-role"
          },
          "sensitive_attributes": [],
          "private": "bnVsbA==",
          "dependencies": [
            "aws_iam_role.app_runner_ecr_role"
          ]
        }
      ]
    },
    {
      "mode": "managed",
      "type": "aws_s3_bucket",
      "name": "Firstbucket",
      "provider": "provider[\"registry.terraform.io/hashicorp/aws\"]",
      "instances": [
        {
          "schema_version": 0,
          "attributes": {
            "acceleration_status": "",
            "acl": null,
            "arn": "arn:aws:s3:::my-static-website-bucket-team5",
            "bucket": "my-static-website-bucket-team5",
            "bucket_domain_name": "my-static-website-bucket-team5.s3.amazonaws.com",
            "bucket_prefix": "",
            "bucket_regional_domain_name": "my-static-website-bucket-team5.s3.eu-central-1.amazonaws.com",
            "cors_rule": [],
            "force_destroy": false,
            "grant": [
              {
                "id": "ad03e5892655055ea2b434ba9ef4fe7c88b3f35fbcf9bc31f5057b75c3252653",
                "permissions": [
                  "FULL_CONTROL"
                ],
                "type": "CanonicalUser",
                "uri": ""
              }
            ],
            "hosted_zone_id": "Z21DNDUVLTQW6Q",
            "id": "my-static-website-bucket-team5",
            "lifecycle_rule": [],
            "logging": [],
            "object_lock_configuration": [],
            "object_lock_enabled": false,
            "policy": "",
            "region": "eu-central-1",
            "replication_configuration": [],
            "request_payer": "BucketOwner",
            "server_side_encryption_configuration": [
              {
                "rule": [
                  {
                    "apply_server_side_encryption_by_default": [
                      {
                        "kms_master_key_id": "",
                        "sse_algorithm": "AES256"
                      }
                    ],
                    "bucket_key_enabled": false
                  }
                ]
              }
            ],
            "tags": null,
            "tags_all": {},
            "timeouts": null,
            "versioning": [
              {
                "enabled": false,
                "mfa_delete": false
              }
            ],
            "website": [],
            "website_domain": null,
            "website_endpoint": null
          },
          "sensitive_attributes": [],
          "private": "eyJlMmJmYjczMC1lY2FhLTExZTYtOGY4OC0zNDM2M2JjN2M0YzAiOnsiY3JlYXRlIjoxMjAwMDAwMDAwMDAwLCJkZWxldGUiOjM2MDAwMDAwMDAwMDAsInJlYWQiOjEyMDAwMDAwMDAwMDAsInVwZGF0ZSI6MTIwMDAwMDAwMDAwMH19"
        }
      ]
    },
    {
      "mode": "managed",
      "type": "aws_s3_bucket_acl",
      "name": "example",
      "provider": "provider[\"registry.terraform.io/hashicorp/aws\"]",
      "instances": [
        {
          "schema_version": 0,
          "attributes": {
            "access_control_policy": [
              {
                "grant": [
                  {
                    "grantee": [
                      {
                        "display_name": "",
                        "email_address": "",
                        "id": "",
                        "type": "Group",
                        "uri": "http://acs.amazonaws.com/groups/global/AllUsers"
                      }
                    ],
                    "permission": "READ"
                  },
                  {
                    "grantee": [
                      {
                        "display_name": "",
                        "email_address": "",
                        "id": "ad03e5892655055ea2b434ba9ef4fe7c88b3f35fbcf9bc31f5057b75c3252653",
                        "type": "CanonicalUser",
                        "uri": ""
                      }
                    ],
                    "permission": "FULL_CONTROL"
                  }
                ],
                "owner": [
                  {
                    "display_name": "",
                    "id": "ad03e5892655055ea2b434ba9ef4fe7c88b3f35fbcf9bc31f5057b75c3252653"
                  }
                ]
              }
            ],
            "acl": "public-read",
            "bucket": "my-static-website-bucket-team5",
            "expected_bucket_owner": "",
            "id": "my-static-website-bucket-team5,public-read"
          },
          "sensitive_attributes": [],
          "private": "bnVsbA==",
          "dependencies": [
            "aws_s3_bucket.Firstbucket",
            "aws_s3_bucket_ownership_controls.example",
            "aws_s3_bucket_public_access_block.example"
          ]
        }
      ]
    },
    {
      "mode": "managed",
      "type": "aws_s3_bucket_cors_configuration",
      "name": "cors",
      "provider": "provider[\"registry.terraform.io/hashicorp/aws\"]",
      "instances": [
        {
          "schema_version": 0,
          "attributes": {
            "bucket": "my-static-website-bucket-team5",
            "cors_rule": [
              {
                "allowed_headers": [
                  "*"
                ],
                "allowed_methods": [
                  "GET",
                  "POST",
                  "PUT"
                ],
                "allowed_origins": [
                  "*"
                ],
                "expose_headers": [
                  "Content-Type"
                ],
                "id": "",
                "max_age_seconds": null
              }
            ],
            "expected_bucket_owner": "",
            "id": "my-static-website-bucket-team5"
          },
          "sensitive_attributes": [],
          "private": "bnVsbA==",
          "dependencies": [
            "aws_s3_bucket.Firstbucket"
          ]
        }
      ]
    },
    {
      "mode": "managed",
      "type": "aws_s3_bucket_ownership_controls",
      "name": "example",
      "provider": "provider[\"registry.terraform.io/hashicorp/aws\"]",
      "instances": [
        {
          "schema_version": 0,
          "attributes": {
            "bucket": "my-static-website-bucket-team5",
            "id": "my-static-website-bucket-team5",
            "rule": [
              {
                "object_ownership": "BucketOwnerPreferred"
              }
            ]
          },
          "sensitive_attributes": [],
          "private": "bnVsbA==",
          "dependencies": [
            "aws_s3_bucket.Firstbucket"
          ]
        }
      ]
    },
    {
      "mode": "managed",
      "type": "aws_s3_bucket_public_access_block",
      "name": "example",
      "provider": "provider[\"registry.terraform.io/hashicorp/aws\"]",
      "instances": [
        {
          "schema_version": 0,
          "attributes": {
            "block_public_acls": false,
            "block_public_policy": false,
            "bucket": "my-static-website-bucket-team5",
            "id": "my-static-website-bucket-team5",
            "ignore_public_acls": false,
            "restrict_public_buckets": false
          },
          "sensitive_attributes": [],
          "private": "bnVsbA==",
          "dependencies": [
            "aws_s3_bucket.Firstbucket"
          ]
        }
      ]
    },
    {
      "mode": "managed",
      "type": "aws_s3_bucket_website_configuration",
      "name": "website",
      "provider": "provider[\"registry.terraform.io/hashicorp/aws\"]",
      "instances": [
        {
          "schema_version": 0,
          "attributes": {
            "bucket": "my-static-website-bucket-team5",
            "error_document": [],
            "expected_bucket_owner": "",
            "id": "my-static-website-bucket-team5",
            "index_document": [
              {
                "suffix": "index.html"
              }
            ],
            "redirect_all_requests_to": [],
            "routing_rule": [],
            "routing_rules": "",
            "website_domain": "s3-website.eu-central-1.amazonaws.com",
            "website_endpoint": "my-static-website-bucket-team5.s3-website.eu-central-1.amazonaws.com"
          },
          "sensitive_attributes": [],
          "private": "bnVsbA==",
          "dependencies": [
            "aws_s3_bucket.Firstbucket",
            "aws_s3_bucket_acl.example",
            "aws_s3_bucket_ownership_controls.example",
            "aws_s3_bucket_public_access_block.example"
          ]
        }
      ]
    },
    {
      "mode": "managed",
      "type": "aws_s3_object",
      "name": "index",
      "provider": "provider[\"registry.terraform.io/hashicorp/aws\"]",
      "instances": [
        {
          "schema_version": 0,
          "attributes": {
            "acl": "public-read",
            "arn": "arn:aws:s3:::my-static-website-bucket-team5/index.html",
            "bucket": "my-static-website-bucket-team5",
            "bucket_key_enabled": false,
            "cache_control": "",
            "checksum_algorithm": null,
            "checksum_crc32": "",
            "checksum_crc32c": "",
            "checksum_sha1": "",
            "checksum_sha256": "",
            "content": "\u003c!DOCTYPE html\u003e\r\n\u003chtml lang=\"en\"\u003e\r\n\u003chead\u003e\r\n    \u003cmeta charset=\"UTF-8\"\u003e\r\n    \u003cmeta name=\"viewport\" content=\"width=device-width, initial-scale=1.0\"\u003e\r\n    \u003ctitle\u003eHello Cloud\u003c/title\u003e\r\n\u003c/head\u003e\r\n\u003cbody\u003e\r\n    \u003ch1\u003eHello Cloud\u003c/h1\u003e\r\n    \u003cbutton id=\"callApiButton\"\u003eCall API\u003c/button\u003e\r\n    \u003cp id=\"apiResponse\"\u003e\u003c/p\u003e\r\n\r\n    \u003cscript\u003e\r\n        const apiUrl = \"https://ikd7m3mu2e.eu-central-1.awsapprunner.com\";  // This gets replaced by Terraform\r\n\r\n        document.getElementById('callApiButton').addEventListener('click', () =\u003e {\r\n            fetch(apiUrl)\r\n                .then(response =\u003e response.json())\r\n                .then(data =\u003e {\r\n                    document.getElementById('apiResponse').textContent = JSON.stringify(data, null, 2);\r\n                })\r\n                .catch(error =\u003e {\r\n                    document.getElementById('apiResponse').textContent = 'Error calling the API: ' + error;\r\n                });\r\n        });\r\n    \u003c/script\u003e\r\n\u003c/body\u003e\r\n\u003c/html\u003e\r\n",
            "content_base64": null,
            "content_disposition": "",
            "content_encoding": "",
            "content_language": "",
            "content_type": "text/html",
            "etag": "bfeae59f86de02548445a0508be8e219",
            "force_destroy": false,
            "id": "index.html",
            "key": "index.html",
            "kms_key_id": null,
            "metadata": null,
            "object_lock_legal_hold_status": "",
            "object_lock_mode": "",
            "object_lock_retain_until_date": "",
            "override_provider": [],
            "server_side_encryption": "AES256",
            "source": null,
            "source_hash": null,
            "storage_class": "STANDARD",
            "tags": null,
            "tags_all": {},
            "version_id": "",
            "website_redirect": ""
          },
          "sensitive_attributes": [],
          "private": "bnVsbA==",
          "dependencies": [
            "aws_apprunner_service.api_service",
            "aws_ecr_repository.api_repo",
            "aws_iam_role.app_runner_ecr_role",
            "aws_s3_bucket.Firstbucket",
            "data.template_file.webapp_index",
            "null_resource.docker_build_push"
          ]
        }
      ]
    },
    {
      "mode": "managed",
      "type": "null_resource",
      "name": "docker_build_push",
      "provider": "provider[\"registry.terraform.io/hashicorp/null\"]",
      "instances": [
        {
          "schema_version": 0,
          "attributes": {
            "id": "4700988697251814619",
            "triggers": null
          },
          "sensitive_attributes": [],
          "dependencies": [
            "aws_ecr_repository.api_repo"
          ]
        }
      ]
    }
  ],
  "check_results": null
}
